{
  "version": 4,
  "terraform_version": "1.15.5",
  "serial": 182,
  "lineage": "62033187-b908-4ded-03dc-57f5ba75d5e6",
  "outputs": {
    "nexus_public_ip": {
      "value": "13.233.109.187",
      "type": "string"
    },
    "runner1_public_ip": {
      "value": "13.206.189.70",
      "type": "string"
    },
    "runner2_public_ip": {
      "value": "13.206.251.233",
      "type": "string"
    },
    "sonarqube_public_ip": {
      "value": "13.233.130.136",
      "type": "string"
    }
  },
  "resources": [
    {
      "mode": "managed",
      "type": "aws_instance",
      "name": "ci_cd_nexus_server",
      "provider": "provider[\"registry.terraform.io/hashicorp/aws\"]",
      "instances": [
        {
          "schema_version": 2,
          "attributes": {
            "ami": "ami-03f4878755434977f",
            "arn": "arn:aws:ec2:ap-south-1:550149511069:instance/i-0c149a83c4033070e",
            "associate_public_ip_address": true,
            "availability_zone": "ap-south-1a",
            "capacity_reservation_specification": [
              {
                "capacity_reservation_preference": "open",
                "capacity_reservation_target": []
              }
            ],
            "cpu_options": [
              {
                "amd_sev_snp": "",
                "core_count": 1,
                "nested_virtualization": "",
                "threads_per_core": 2
              }
            ],
            "credit_specification": [
              {
                "cpu_credits": "unlimited"
              }
            ],
            "disable_api_stop": false,
            "disable_api_termination": false,
            "ebs_block_device": [],
            "ebs_optimized": false,
            "enable_primary_ipv6": null,
            "enclave_options": [
              {
                "enabled": false
              }
            ],
            "ephemeral_block_device": [],
            "force_destroy": false,
            "get_password_data": false,
            "hibernation": false,
            "host_id": "",
            "host_resource_group_arn": null,
            "iam_instance_profile": "",
            "id": "i-0c149a83c4033070e",
            "instance_initiated_shutdown_behavior": "stop",
            "instance_lifecycle": "",
            "instance_market_options": [],
            "instance_state": "running",
            "instance_type": "t3.medium",
            "ipv6_address_count": 0,
            "ipv6_addresses": [],
            "key_name": "ec2-key",
            "launch_template": [],
            "maintenance_options": [
              {
                "auto_recovery": "default"
              }
            ],
            "metadata_options": [
              {
                "http_endpoint": "enabled",
                "http_protocol_ipv6": "disabled",
                "http_put_response_hop_limit": 1,
                "http_tokens": "optional",
                "instance_metadata_tags": "disabled"
              }
            ],
            "monitoring": false,
            "network_interface": [],
            "outpost_arn": "",
            "password_data": "",
            "placement_group": "",
            "placement_group_id": "",
            "placement_partition_number": 0,
            "primary_network_interface": [
              {
                "delete_on_termination": true,
                "network_interface_id": "eni-0e0065cda4a6f8e19"
              }
            ],
            "primary_network_interface_id": "eni-0e0065cda4a6f8e19",
            "private_dns": "ip-10-1-1-94.ap-south-1.compute.internal",
            "private_dns_name_options": [
              {
                "enable_resource_name_dns_a_record": false,
                "enable_resource_name_dns_aaaa_record": false,
                "hostname_type": "ip-name"
              }
            ],
            "private_ip": "10.1.1.94",
            "public_dns": "",
            "public_ip": "13.233.109.187",
            "region": "ap-south-1",
            "root_block_device": [
              {
                "delete_on_termination": true,
                "device_name": "/dev/sda1",
                "encrypted": false,
                "iops": 3000,
                "kms_key_id": "",
                "tags": {},
                "tags_all": {},
                "throughput": 125,
                "volume_id": "vol-01a87db2c4b3eb8bd",
                "volume_size": 40,
                "volume_type": "gp3"
              }
            ],
            "secondary_network_interface": [],
            "secondary_private_ips": [],
            "security_groups": [],
            "source_dest_check": true,
            "spot_instance_request_id": "",
            "subnet_id": "subnet-06fde4d75f72597ad",
            "tags": {
              "Name": "ci-cd-nexus-server"
            },
            "tags_all": {
              "Name": "ci-cd-nexus-server"
            },
            "tenancy": "default",
            "timeouts": null,
            "user_data": "#!/bin/bash\nset -eux\n\nexec \u003e \u003e(tee /var/log/user-data.log)\nexec 2\u003e\u00261\n\nexport DEBIAN_FRONTEND=noninteractive\n\napt-get update -y\napt-get install -y wget tar openjdk-17-jdk\n\nsysctl -w vm.max_map_count=262144\necho \"vm.max_map_count=262144\" \u003e\u003e /etc/sysctl.conf\n\nid nexus || useradd -r -m -s /bin/bash nexus\n\ncd /opt\n\nwget https://download.sonatype.com/nexus/3/latest-unix.tar.gz -O nexus.tar.gz\n\ntar -xzf nexus.tar.gz\n\nNEXUS_DIR=$(find /opt -maxdepth 1 -type d -name \"nexus-*\" | head -1)\n\nmv \"$NEXUS_DIR\" /opt/nexus\n\nmkdir -p /opt/sonatype-work\n\nchown -R nexus:nexus /opt/nexus\nchown -R nexus:nexus /opt/sonatype-work\n\necho 'run_as_user=\"nexus\"' \u003e /opt/nexus/bin/nexus.rc\n\ncat \u003e /etc/systemd/system/nexus.service \u003c\u003cSERVICE\n[Unit]\nDescription=Nexus Repository Manager\nAfter=network.target\n\n[Service]\nType=forking\nLimitNOFILE=65536\nUser=nexus\nGroup=nexus\n\nExecStart=/opt/nexus/bin/nexus start\nExecStop=/opt/nexus/bin/nexus stop\n\nRestart=on-failure\n\n[Install]\nWantedBy=multi-user.target\nSERVICE\n\nsystemctl daemon-reload\nsystemctl enable nexus\nsystemctl start nexus\n",
            "user_data_base64": null,
            "user_data_replace_on_change": false,
            "volume_tags": null,
            "vpc_security_group_ids": [
              "sg-00c33103348bce3cc"
            ]
          },
          "sensitive_attributes": [],
          "identity_schema_version": 0,
          "identity": {
            "account_id": "550149511069",
            "id": "i-0c149a83c4033070e",
            "region": "ap-south-1"
          },
          "private": "eyJlMmJmYjczMC1lY2FhLTExZTYtOGY4OC0zNDM2M2JjN2M0YzAiOnsiY3JlYXRlIjo2MDAwMDAwMDAwMDAsImRlbGV0ZSI6MTIwMDAwMDAwMDAwMCwicmVhZCI6OTAwMDAwMDAwMDAwLCJ1cGRhdGUiOjYwMDAwMDAwMDAwMH0sInNjaGVtYV92ZXJzaW9uIjoiMiJ9",
          "dependencies": [
            "aws_security_group.ci_cd_sg",
            "aws_subnet.ci_cd_public_subnet",
            "aws_vpc.ci_cd_vpc"
          ]
        }
      ]
    },
    {
      "mode": "managed",
      "type": "aws_instance",
      "name": "ci_cd_runner_1",
      "provider": "provider[\"registry.terraform.io/hashicorp/aws\"]",
      "instances": [
        {
          "schema_version": 2,
          "attributes": {
            "ami": "ami-03f4878755434977f",
            "arn": "arn:aws:ec2:ap-south-1:550149511069:instance/i-090cf80c3f2839476",
            "associate_public_ip_address": true,
            "availability_zone": "ap-south-1a",
            "capacity_reservation_specification": [
              {
                "capacity_reservation_preference": "open",
                "capacity_reservation_target": []
              }
            ],
            "cpu_options": [
              {
                "amd_sev_snp": "",
                "core_count": 1,
                "nested_virtualization": "",
                "threads_per_core": 2
              }
            ],
            "credit_specification": [
              {
                "cpu_credits": "unlimited"
              }
            ],
            "disable_api_stop": false,
            "disable_api_termination": false,
            "ebs_block_device": [],
            "ebs_optimized": false,
            "enable_primary_ipv6": null,
            "enclave_options": [
              {
                "enabled": false
              }
            ],
            "ephemeral_block_device": [],
            "force_destroy": false,
            "get_password_data": false,
            "hibernation": false,
            "host_id": "",
            "host_resource_group_arn": null,
            "iam_instance_profile": "",
            "id": "i-090cf80c3f2839476",
            "instance_initiated_shutdown_behavior": "stop",
            "instance_lifecycle": "",
            "instance_market_options": [],
            "instance_state": "running",
            "instance_type": "t3.medium",
            "ipv6_address_count": 0,
            "ipv6_addresses": [],
            "key_name": "ec2-key",
            "launch_template": [],
            "maintenance_options": [
              {
                "auto_recovery": "default"
              }
            ],
            "metadata_options": [
              {
                "http_endpoint": "enabled",
                "http_protocol_ipv6": "disabled",
                "http_put_response_hop_limit": 1,
                "http_tokens": "optional",
                "instance_metadata_tags": "disabled"
              }
            ],
            "monitoring": false,
            "network_interface": [],
            "outpost_arn": "",
            "password_data": "",
            "placement_group": "",
            "placement_group_id": "",
            "placement_partition_number": 0,
            "primary_network_interface": [
              {
                "delete_on_termination": true,
                "network_interface_id": "eni-003566d2e1f7ca2c7"
              }
            ],
            "primary_network_interface_id": "eni-003566d2e1f7ca2c7",
            "private_dns": "ip-10-1-1-182.ap-south-1.compute.internal",
            "private_dns_name_options": [
              {
                "enable_resource_name_dns_a_record": false,
                "enable_resource_name_dns_aaaa_record": false,
                "hostname_type": "ip-name"
              }
            ],
            "private_ip": "10.1.1.182",
            "public_dns": "",
            "public_ip": "13.206.189.70",
            "region": "ap-south-1",
            "root_block_device": [
              {
                "delete_on_termination": true,
                "device_name": "/dev/sda1",
                "encrypted": false,
                "iops": 3000,
                "kms_key_id": "",
                "tags": {},
                "tags_all": {},
                "throughput": 125,
                "volume_id": "vol-0af3eba6b7b34d4f7",
                "volume_size": 30,
                "volume_type": "gp3"
              }
            ],
            "secondary_network_interface": [],
            "secondary_private_ips": [],
            "security_groups": [],
            "source_dest_check": true,
            "spot_instance_request_id": "",
            "subnet_id": "subnet-06fde4d75f72597ad",
            "tags": {
              "Environment": "dev",
              "Name": "ci-cd-runner-1",
              "Project": "ci-cd"
            },
            "tags_all": {
              "Environment": "dev",
              "Name": "ci-cd-runner-1",
              "Project": "ci-cd"
            },
            "tenancy": "default",
            "timeouts": null,
            "user_data": "#!/bin/bash\nset -eux\n\nexec \u003e \u003e(tee /var/log/user-data.log)\nexec 2\u003e\u00261\n\nexport DEBIAN_FRONTEND=noninteractive\n\napt-get update -y\napt-get install -y curl git jq\n\ncurl -fsSL https://packages.gitlab.com/install/repositories/runner/gitlab-runner/script.deb.sh | bash\n\napt-get install -y gitlab-runner\n\nsystemctl enable gitlab-runner\nsystemctl start gitlab-runner\n",
            "user_data_base64": null,
            "user_data_replace_on_change": false,
            "volume_tags": null,
            "vpc_security_group_ids": [
              "sg-00c33103348bce3cc"
            ]
          },
          "sensitive_attributes": [],
          "identity_schema_version": 0,
          "identity": {
            "account_id": "550149511069",
            "id": "i-090cf80c3f2839476",
            "region": "ap-south-1"
          },
          "private": "eyJlMmJmYjczMC1lY2FhLTExZTYtOGY4OC0zNDM2M2JjN2M0YzAiOnsiY3JlYXRlIjo2MDAwMDAwMDAwMDAsImRlbGV0ZSI6MTIwMDAwMDAwMDAwMCwicmVhZCI6OTAwMDAwMDAwMDAwLCJ1cGRhdGUiOjYwMDAwMDAwMDAwMH0sInNjaGVtYV92ZXJzaW9uIjoiMiJ9",
          "dependencies": [
            "aws_security_group.ci_cd_sg",
            "aws_subnet.ci_cd_public_subnet",
            "aws_vpc.ci_cd_vpc"
          ]
        }
      ]
    },
    {
      "mode": "managed",
      "type": "aws_instance",
      "name": "ci_cd_runner_2",
      "provider": "provider[\"registry.terraform.io/hashicorp/aws\"]",
      "instances": [
        {
          "schema_version": 2,
          "attributes": {
            "ami": "ami-03f4878755434977f",
            "arn": "arn:aws:ec2:ap-south-1:550149511069:instance/i-043f1acf8cd726c54",
            "associate_public_ip_address": true,
            "availability_zone": "ap-south-1a",
            "capacity_reservation_specification": [
              {
                "capacity_reservation_preference": "open",
                "capacity_reservation_target": []
              }
            ],
            "cpu_options": [
              {
                "amd_sev_snp": "",
                "core_count": 1,
                "nested_virtualization": "",
                "threads_per_core": 2
              }
            ],
            "credit_specification": [
              {
                "cpu_credits": "unlimited"
              }
            ],
            "disable_api_stop": false,
            "disable_api_termination": false,
            "ebs_block_device": [],
            "ebs_optimized": false,
            "enable_primary_ipv6": null,
            "enclave_options": [
              {
                "enabled": false
              }
            ],
            "ephemeral_block_device": [],
            "force_destroy": false,
            "get_password_data": false,
            "hibernation": false,
            "host_id": "",
            "host_resource_group_arn": null,
            "iam_instance_profile": "",
            "id": "i-043f1acf8cd726c54",
            "instance_initiated_shutdown_behavior": "stop",
            "instance_lifecycle": "",
            "instance_market_options": [],
            "instance_state": "running",
            "instance_type": "t3.medium",
            "ipv6_address_count": 0,
            "ipv6_addresses": [],
            "key_name": "ec2-key",
            "launch_template": [],
            "maintenance_options": [
              {
                "auto_recovery": "default"
              }
            ],
            "metadata_options": [
              {
                "http_endpoint": "enabled",
                "http_protocol_ipv6": "disabled",
                "http_put_response_hop_limit": 1,
                "http_tokens": "optional",
                "instance_metadata_tags": "disabled"
              }
            ],
            "monitoring": false,
            "network_interface": [],
            "outpost_arn": "",
            "password_data": "",
            "placement_group": "",
            "placement_group_id": "",
            "placement_partition_number": 0,
            "primary_network_interface": [
              {
                "delete_on_termination": true,
                "network_interface_id": "eni-0498d7b92a44e7866"
              }
            ],
            "primary_network_interface_id": "eni-0498d7b92a44e7866",
            "private_dns": "ip-10-1-1-225.ap-south-1.compute.internal",
            "private_dns_name_options": [
              {
                "enable_resource_name_dns_a_record": false,
                "enable_resource_name_dns_aaaa_record": false,
                "hostname_type": "ip-name"
              }
            ],
            "private_ip": "10.1.1.225",
            "public_dns": "",
            "public_ip": "13.206.251.233",
            "region": "ap-south-1",
            "root_block_device": [
              {
                "delete_on_termination": true,
                "device_name": "/dev/sda1",
                "encrypted": false,
                "iops": 3000,
                "kms_key_id": "",
                "tags": {},
                "tags_all": {},
                "throughput": 125,
                "volume_id": "vol-01645d22b19394eb8",
                "volume_size": 30,
                "volume_type": "gp3"
              }
            ],
            "secondary_network_interface": [],
            "secondary_private_ips": [],
            "security_groups": [],
            "source_dest_check": true,
            "spot_instance_request_id": "",
            "subnet_id": "subnet-06fde4d75f72597ad",
            "tags": {
              "Environment": "dev",
              "Name": "ci-cd-runner-2",
              "Project": "ci-cd"
            },
            "tags_all": {
              "Environment": "dev",
              "Name": "ci-cd-runner-2",
              "Project": "ci-cd"
            },
            "tenancy": "default",
            "timeouts": null,
            "user_data": "#!/bin/bash\nset -eux\n\nexec \u003e \u003e(tee /var/log/user-data.log)\nexec 2\u003e\u00261\n\nexport DEBIAN_FRONTEND=noninteractive\n\napt-get update -y\napt-get install -y curl git jq\n\ncurl -fsSL https://packages.gitlab.com/install/repositories/runner/gitlab-runner/script.deb.sh | bash\n\napt-get install -y gitlab-runner\n\nsystemctl enable gitlab-runner\nsystemctl start gitlab-runner\n",
            "user_data_base64": null,
            "user_data_replace_on_change": false,
            "volume_tags": null,
            "vpc_security_group_ids": [
              "sg-00c33103348bce3cc"
            ]
          },
          "sensitive_attributes": [],
          "identity_schema_version": 0,
          "identity": {
            "account_id": "550149511069",
            "id": "i-043f1acf8cd726c54",
            "region": "ap-south-1"
          },
          "private": "eyJlMmJmYjczMC1lY2FhLTExZTYtOGY4OC0zNDM2M2JjN2M0YzAiOnsiY3JlYXRlIjo2MDAwMDAwMDAwMDAsImRlbGV0ZSI6MTIwMDAwMDAwMDAwMCwicmVhZCI6OTAwMDAwMDAwMDAwLCJ1cGRhdGUiOjYwMDAwMDAwMDAwMH0sInNjaGVtYV92ZXJzaW9uIjoiMiJ9",
          "dependencies": [
            "aws_security_group.ci_cd_sg",
            "aws_subnet.ci_cd_public_subnet",
            "aws_vpc.ci_cd_vpc"
          ]
        }
      ]
    },
    {
      "mode": "managed",
      "type": "aws_instance",
      "name": "ci_cd_sonarqube_server",
      "provider": "provider[\"registry.terraform.io/hashicorp/aws\"]",
      "instances": [
        {
          "schema_version": 2,
          "attributes": {
            "ami": "ami-03f4878755434977f",
            "arn": "arn:aws:ec2:ap-south-1:550149511069:instance/i-0f2262cd8c25e389e",
            "associate_public_ip_address": true,
            "availability_zone": "ap-south-1a",
            "capacity_reservation_specification": [
              {
                "capacity_reservation_preference": "open",
                "capacity_reservation_target": []
              }
            ],
            "cpu_options": [
              {
                "amd_sev_snp": "",
                "core_count": 1,
                "nested_virtualization": "",
                "threads_per_core": 2
              }
            ],
            "credit_specification": [
              {
                "cpu_credits": "unlimited"
              }
            ],
            "disable_api_stop": false,
            "disable_api_termination": false,
            "ebs_block_device": [],
            "ebs_optimized": false,
            "enable_primary_ipv6": null,
            "enclave_options": [
              {
                "enabled": false
              }
            ],
            "ephemeral_block_device": [],
            "force_destroy": false,
            "get_password_data": false,
            "hibernation": false,
            "host_id": "",
            "host_resource_group_arn": null,
            "iam_instance_profile": "",
            "id": "i-0f2262cd8c25e389e",
            "instance_initiated_shutdown_behavior": "stop",
            "instance_lifecycle": "",
            "instance_market_options": [],
            "instance_state": "running",
            "instance_type": "t3.large",
            "ipv6_address_count": 0,
            "ipv6_addresses": [],
            "key_name": "ec2-key",
            "launch_template": [],
            "maintenance_options": [
              {
                "auto_recovery": "default"
              }
            ],
            "metadata_options": [
              {
                "http_endpoint": "enabled",
                "http_protocol_ipv6": "disabled",
                "http_put_response_hop_limit": 1,
                "http_tokens": "optional",
                "instance_metadata_tags": "disabled"
              }
            ],
            "monitoring": false,
            "network_interface": [],
            "outpost_arn": "",
            "password_data": "",
            "placement_group": "",
            "placement_group_id": "",
            "placement_partition_number": 0,
            "primary_network_interface": [
              {
                "delete_on_termination": true,
                "network_interface_id": "eni-01b1e99176bd7c362"
              }
            ],
            "primary_network_interface_id": "eni-01b1e99176bd7c362",
            "private_dns": "ip-10-1-1-105.ap-south-1.compute.internal",
            "private_dns_name_options": [
              {
                "enable_resource_name_dns_a_record": false,
                "enable_resource_name_dns_aaaa_record": false,
                "hostname_type": "ip-name"
              }
            ],
            "private_ip": "10.1.1.105",
            "public_dns": "",
            "public_ip": "13.233.130.136",
            "region": "ap-south-1",
            "root_block_device": [
              {
                "delete_on_termination": true,
                "device_name": "/dev/sda1",
                "encrypted": false,
                "iops": 3000,
                "kms_key_id": "",
                "tags": {},
                "tags_all": {},
                "throughput": 125,
                "volume_id": "vol-0cb80c142fc1981ee",
                "volume_size": 50,
                "volume_type": "gp3"
              }
            ],
            "secondary_network_interface": [],
            "secondary_private_ips": [],
            "security_groups": [],
            "source_dest_check": true,
            "spot_instance_request_id": "",
            "subnet_id": "subnet-06fde4d75f72597ad",
            "tags": {
              "Name": "ci-cd-sonarqube-server"
            },
            "tags_all": {
              "Name": "ci-cd-sonarqube-server"
            },
            "tenancy": "default",
            "timeouts": null,
            "user_data": "#!/bin/bash\nset -eux\n\nexec \u003e \u003e(tee /var/log/user-data.log)\nexec 2\u003e\u00261\n\nexport DEBIAN_FRONTEND=noninteractive\n\napt-get update -y\n\napt-get install -y \\\n  openjdk-17-jdk \\\n  unzip \\\n  wget \\\n  postgresql \\\n  postgresql-contrib\n\ncat \u003e\u003e /etc/sysctl.conf \u003c\u003cSYSCTL\nvm.max_map_count=524288\nfs.file-max=131072\nSYSCTL\n\nsysctl -p\n\nsystemctl enable postgresql\nsystemctl start postgresql\n\nuntil pg_isready; do\n  sleep 5\ndone\n\nsudo -u postgres psql \u003c\u003cSQL\nCREATE USER sonar WITH ENCRYPTED PASSWORD 'Sonar@123';\nCREATE DATABASE sonarqube OWNER sonar;\nGRANT ALL PRIVILEGES ON DATABASE sonarqube TO sonar;\nSQL\n\nid sonar || useradd -r -m -s /bin/bash sonar\n\ncd /tmp\n\nwget https://binaries.sonarsource.com/Distribution/sonarqube/sonarqube-25.11.0.114957.zip\n\nunzip sonarqube-25.11.0.114957.zip\n\nmv sonarqube-25.11.0.114957 /opt/sonarqube\n\nchown -R sonar:sonar /opt/sonarqube\n\ncat \u003e\u003e /opt/sonarqube/conf/sonar.properties \u003c\u003cCONF\n\nsonar.jdbc.username=sonar\nsonar.jdbc.password=Sonar@123\nsonar.jdbc.url=jdbc:postgresql://localhost:5432/sonarqube\nCONF\n\ncat \u003e /etc/systemd/system/sonarqube.service \u003c\u003cSERVICE\n[Unit]\nDescription=SonarQube\nAfter=network.target postgresql.service\n\n[Service]\nType=forking\nUser=sonar\nGroup=sonar\n\nExecStart=/opt/sonarqube/bin/linux-x86-64/sonar.sh start\nExecStop=/opt/sonarqube/bin/linux-x86-64/sonar.sh stop\n\nRestart=always\nLimitNOFILE=131072\nLimitNPROC=8192\n\n[Install]\nWantedBy=multi-user.target\nSERVICE\n\nsystemctl daemon-reload\nsystemctl enable sonarqube\nsystemctl start sonarqube\n",
            "user_data_base64": null,
            "user_data_replace_on_change": false,
            "volume_tags": null,
            "vpc_security_group_ids": [
              "sg-00c33103348bce3cc"
            ]
          },
          "sensitive_attributes": [],
          "identity_schema_version": 0,
          "identity": {
            "account_id": "550149511069",
            "id": "i-0f2262cd8c25e389e",
            "region": "ap-south-1"
          },
          "private": "eyJlMmJmYjczMC1lY2FhLTExZTYtOGY4OC0zNDM2M2JjN2M0YzAiOnsiY3JlYXRlIjo2MDAwMDAwMDAwMDAsImRlbGV0ZSI6MTIwMDAwMDAwMDAwMCwicmVhZCI6OTAwMDAwMDAwMDAwLCJ1cGRhdGUiOjYwMDAwMDAwMDAwMH0sInNjaGVtYV92ZXJzaW9uIjoiMiJ9",
          "dependencies": [
            "aws_security_group.ci_cd_sg",
            "aws_subnet.ci_cd_public_subnet",
            "aws_vpc.ci_cd_vpc"
          ]
        }
      ]
    },
    {
      "mode": "managed",
      "type": "aws_internet_gateway",
      "name": "ci_cd_igw",
      "provider": "provider[\"registry.terraform.io/hashicorp/aws\"]",
      "instances": [
        {
          "schema_version": 0,
          "attributes": {
            "arn": "arn:aws:ec2:ap-south-1:550149511069:internet-gateway/igw-0637fdb296ada0ef3",
            "id": "igw-0637fdb296ada0ef3",
            "owner_id": "550149511069",
            "region": "ap-south-1",
            "tags": {
              "Environment": "dev",
              "Name": "ci-cd-igw",
              "Project": "ci-cd"
            },
            "tags_all": {
              "Environment": "dev",
              "Name": "ci-cd-igw",
              "Project": "ci-cd"
            },
            "timeouts": null,
            "vpc_id": "vpc-050b4aa11d2ce6f15"
          },
          "sensitive_attributes": [],
          "identity_schema_version": 0,
          "identity": {
            "account_id": "550149511069",
            "id": "igw-0637fdb296ada0ef3",
            "region": "ap-south-1"
          },
          "private": "eyJlMmJmYjczMC1lY2FhLTExZTYtOGY4OC0zNDM2M2JjN2M0YzAiOnsiY3JlYXRlIjoxMjAwMDAwMDAwMDAwLCJkZWxldGUiOjEyMDAwMDAwMDAwMDAsInVwZGF0ZSI6MTIwMDAwMDAwMDAwMH19",
          "dependencies": [
            "aws_vpc.ci_cd_vpc"
          ]
        }
      ]
    },
    {
      "mode": "managed",
      "type": "aws_route_table",
      "name": "ci_cd_public_rt",
      "provider": "provider[\"registry.terraform.io/hashicorp/aws\"]",
      "instances": [
        {
          "schema_version": 0,
          "attributes": {
            "arn": "arn:aws:ec2:ap-south-1:550149511069:route-table/rtb-0210aae8afba3bdf4",
            "id": "rtb-0210aae8afba3bdf4",
            "owner_id": "550149511069",
            "propagating_vgws": [],
            "region": "ap-south-1",
            "route": [
              {
                "carrier_gateway_id": "",
                "cidr_block": "0.0.0.0/0",
                "core_network_arn": "",
                "destination_prefix_list_id": "",
                "egress_only_gateway_id": "",
                "gateway_id": "igw-0637fdb296ada0ef3",
                "ipv6_cidr_block": "",
                "local_gateway_id": "",
                "nat_gateway_id": "",
                "network_interface_id": "",
                "odb_network_arn": "",
                "transit_gateway_id": "",
                "vpc_endpoint_id": "",
                "vpc_peering_connection_id": ""
              }
            ],
            "tags": {
              "Environment": "dev",
              "Name": "ci-cd-public-rt",
              "Project": "ci-cd"
            },
            "tags_all": {
              "Environment": "dev",
              "Name": "ci-cd-public-rt",
              "Project": "ci-cd"
            },
            "timeouts": null,
            "vpc_id": "vpc-050b4aa11d2ce6f15"
          },
          "sensitive_attributes": [],
          "identity_schema_version": 0,
          "identity": {
            "account_id": "550149511069",
            "id": "rtb-0210aae8afba3bdf4",
            "region": "ap-south-1"
          },
          "private": "eyJlMmJmYjczMC1lY2FhLTExZTYtOGY4OC0zNDM2M2JjN2M0YzAiOnsiY3JlYXRlIjozMDAwMDAwMDAwMDAsImRlbGV0ZSI6MzAwMDAwMDAwMDAwLCJ1cGRhdGUiOjEyMDAwMDAwMDAwMH19",
          "dependencies": [
            "aws_internet_gateway.ci_cd_igw",
            "aws_vpc.ci_cd_vpc"
          ]
        }
      ]
    },
    {
      "mode": "managed",
      "type": "aws_route_table_association",
      "name": "ci_cd_public_assoc",
      "provider": "provider[\"registry.terraform.io/hashicorp/aws\"]",
      "instances": [
        {
          "schema_version": 0,
          "attributes": {
            "gateway_id": "",
            "id": "rtbassoc-0ee4ac22da97ead9a",
            "region": "ap-south-1",
            "route_table_id": "rtb-0210aae8afba3bdf4",
            "subnet_id": "subnet-06fde4d75f72597ad",
            "timeouts": null
          },
          "sensitive_attributes": [],
          "identity_schema_version": 0,
          "identity": {
            "account_id": "550149511069",
            "id": "rtbassoc-0ee4ac22da97ead9a",
            "region": "ap-south-1"
          },
          "private": "eyJlMmJmYjczMC1lY2FhLTExZTYtOGY4OC0zNDM2M2JjN2M0YzAiOnsiY3JlYXRlIjozMDAwMDAwMDAwMDAsImRlbGV0ZSI6MzAwMDAwMDAwMDAwLCJ1cGRhdGUiOjEyMDAwMDAwMDAwMH19",
          "dependencies": [
            "aws_internet_gateway.ci_cd_igw",
            "aws_route_table.ci_cd_public_rt",
            "aws_subnet.ci_cd_public_subnet",
            "aws_vpc.ci_cd_vpc"
          ]
        }
      ]
    },
    {
      "mode": "managed",
      "type": "aws_security_group",
      "name": "ci_cd_sg",
      "provider": "provider[\"registry.terraform.io/hashicorp/aws\"]",
      "instances": [
        {
          "schema_version": 1,
          "attributes": {
            "arn": "arn:aws:ec2:ap-south-1:550149511069:security-group/sg-00c33103348bce3cc",
            "description": "CI-CD Security Group",
            "egress": [
              {
                "cidr_blocks": [
                  "0.0.0.0/0"
                ],
                "description": "",
                "from_port": 0,
                "ipv6_cidr_blocks": [],
                "prefix_list_ids": [],
                "protocol": "-1",
                "security_groups": [],
                "self": false,
                "to_port": 0
              }
            ],
            "id": "sg-00c33103348bce3cc",
            "ingress": [
              {
                "cidr_blocks": [
                  "0.0.0.0/0"
                ],
                "description": "GitLab",
                "from_port": 8080,
                "ipv6_cidr_blocks": [],
                "prefix_list_ids": [],
                "protocol": "tcp",
                "security_groups": [],
                "self": false,
                "to_port": 8080
              },
              {
                "cidr_blocks": [
                  "0.0.0.0/0"
                ],
                "description": "HTTP",
                "from_port": 80,
                "ipv6_cidr_blocks": [],
                "prefix_list_ids": [],
                "protocol": "tcp",
                "security_groups": [],
                "self": false,
                "to_port": 80
              },
              {
                "cidr_blocks": [
                  "0.0.0.0/0"
                ],
                "description": "HTTPS",
                "from_port": 443,
                "ipv6_cidr_blocks": [],
                "prefix_list_ids": [],
                "protocol": "tcp",
                "security_groups": [],
                "self": false,
                "to_port": 443
              },
              {
                "cidr_blocks": [
                  "0.0.0.0/0"
                ],
                "description": "Nexus",
                "from_port": 8081,
                "ipv6_cidr_blocks": [],
                "prefix_list_ids": [],
                "protocol": "tcp",
                "security_groups": [],
                "self": false,
                "to_port": 8081
              },
              {
                "cidr_blocks": [
                  "0.0.0.0/0"
                ],
                "description": "SSH",
                "from_port": 22,
                "ipv6_cidr_blocks": [],
                "prefix_list_ids": [],
                "protocol": "tcp",
                "security_groups": [],
                "self": false,
                "to_port": 22
              },
              {
                "cidr_blocks": [
                  "0.0.0.0/0"
                ],
                "description": "SonarQube",
                "from_port": 9000,
                "ipv6_cidr_blocks": [],
                "prefix_list_ids": [],
                "protocol": "tcp",
                "security_groups": [],
                "self": false,
                "to_port": 9000
              }
            ],
            "name": "ci-cd-sg",
            "name_prefix": "",
            "owner_id": "550149511069",
            "region": "ap-south-1",
            "revoke_rules_on_delete": false,
            "tags": {
              "Environment": "dev",
              "Name": "ci-cd-sg",
              "Project": "ci-cd"
            },
            "tags_all": {
              "Environment": "dev",
              "Name": "ci-cd-sg",
              "Project": "ci-cd"
            },
            "timeouts": null,
            "vpc_id": "vpc-050b4aa11d2ce6f15"
          },
          "sensitive_attributes": [],
          "identity_schema_version": 0,
          "identity": {
            "account_id": "550149511069",
            "id": "sg-00c33103348bce3cc",
            "region": "ap-south-1"
          },
          "private": "eyJlMmJmYjczMC1lY2FhLTExZTYtOGY4OC0zNDM2M2JjN2M0YzAiOnsiY3JlYXRlIjo2MDAwMDAwMDAwMDAsImRlbGV0ZSI6OTAwMDAwMDAwMDAwfSwic2NoZW1hX3ZlcnNpb24iOiIxIn0=",
          "dependencies": [
            "aws_vpc.ci_cd_vpc"
          ]
        }
      ]
    },
    {
      "mode": "managed",
      "type": "aws_subnet",
      "name": "ci_cd_public_subnet",
      "provider": "provider[\"registry.terraform.io/hashicorp/aws\"]",
      "instances": [
        {
          "schema_version": 1,
          "attributes": {
            "arn": "arn:aws:ec2:ap-south-1:550149511069:subnet/subnet-06fde4d75f72597ad",
            "assign_ipv6_address_on_creation": false,
            "availability_zone": "ap-south-1a",
            "availability_zone_id": "aps1-az1",
            "cidr_block": "10.1.1.0/24",
            "customer_owned_ipv4_pool": "",
            "enable_dns64": false,
            "enable_lni_at_device_index": 0,
            "enable_resource_name_dns_a_record_on_launch": false,
            "enable_resource_name_dns_aaaa_record_on_launch": false,
            "id": "subnet-06fde4d75f72597ad",
            "ipv4_ipam_pool_id": null,
            "ipv4_netmask_length": null,
            "ipv6_cidr_block": "",
            "ipv6_cidr_block_association_id": "",
            "ipv6_ipam_pool_id": null,
            "ipv6_native": false,
            "ipv6_netmask_length": null,
            "map_customer_owned_ip_on_launch": false,
            "map_public_ip_on_launch": true,
            "outpost_arn": "",
            "owner_id": "550149511069",
            "private_dns_hostname_type_on_launch": "ip-name",
            "region": "ap-south-1",
            "tags": {
              "Environment": "dev",
              "Name": "ci-cd-public-subnet",
              "Project": "ci-cd"
            },
            "tags_all": {
              "Environment": "dev",
              "Name": "ci-cd-public-subnet",
              "Project": "ci-cd"
            },
            "timeouts": null,
            "vpc_id": "vpc-050b4aa11d2ce6f15"
          },
          "sensitive_attributes": [],
          "identity_schema_version": 0,
          "identity": {
            "account_id": "550149511069",
            "id": "subnet-06fde4d75f72597ad",
            "region": "ap-south-1"
          },
          "private": "eyJlMmJmYjczMC1lY2FhLTExZTYtOGY4OC0zNDM2M2JjN2M0YzAiOnsiY3JlYXRlIjo2MDAwMDAwMDAwMDAsImRlbGV0ZSI6MTIwMDAwMDAwMDAwMH0sInNjaGVtYV92ZXJzaW9uIjoiMSJ9",
          "dependencies": [
            "aws_vpc.ci_cd_vpc"
          ]
        }
      ]
    },
    {
      "mode": "managed",
      "type": "aws_vpc",
      "name": "ci_cd_vpc",
      "provider": "provider[\"registry.terraform.io/hashicorp/aws\"]",
      "instances": [
        {
          "schema_version": 1,
          "attributes": {
            "arn": "arn:aws:ec2:ap-south-1:550149511069:vpc/vpc-050b4aa11d2ce6f15",
            "assign_generated_ipv6_cidr_block": false,
            "cidr_block": "10.1.0.0/16",
            "default_network_acl_id": "acl-0191e1c3ae7237672",
            "default_route_table_id": "rtb-002e9806edcafcb00",
            "default_security_group_id": "sg-0c509683718f8b6c8",
            "dhcp_options_id": "dopt-04f58faa012a3c837",
            "enable_dns_hostnames": false,
            "enable_dns_support": true,
            "enable_network_address_usage_metrics": false,
            "id": "vpc-050b4aa11d2ce6f15",
            "instance_tenancy": "default",
            "ipv4_ipam_pool_id": null,
            "ipv4_netmask_length": null,
            "ipv6_association_id": "",
            "ipv6_cidr_block": "",
            "ipv6_cidr_block_network_border_group": "",
            "ipv6_ipam_pool_id": "",
            "ipv6_netmask_length": 0,
            "main_route_table_id": "rtb-002e9806edcafcb00",
            "owner_id": "550149511069",
            "region": "ap-south-1",
            "tags": {
              "Environment": "dev",
              "Name": "ci-cd-vpc",
              "Project": "ci-cd"
            },
            "tags_all": {
              "Environment": "dev",
              "Name": "ci-cd-vpc",
              "Project": "ci-cd"
            }
          },
          "sensitive_attributes": [],
          "identity_schema_version": 0,
          "identity": {
            "account_id": "550149511069",
            "id": "vpc-050b4aa11d2ce6f15",
            "region": "ap-south-1"
          },
          "private": "eyJzY2hlbWFfdmVyc2lvbiI6IjEifQ=="
        }
      ]
    }
  ],
  "check_results": null
}
